<?xml version="1.0" encoding="utf-8"?>
<Project ToolsVersion="4.0" xmlns="http://schemas.microsoft.com/developer/msbuild/2003">
  <ItemGroup>
    <Filter Include="ソース ファイル">
      <UniqueIdentifier>{4FC737F1-C7A5-4376-A066-2A32D752A2FF}</UniqueIdentifier>
      <Extensions>cpp;c;cc;cxx;c++;cppm;ixx;def;odl;idl;hpj;bat;asm;asmx</Extensions>
    </Filter>
    <Filter Include="ヘッダー ファイル">
      <UniqueIdentifier>{93995380-89BD-4b04-88EB-625FBE52EBFB}</UniqueIdentifier>
      <Extensions>h;hh;hpp;hxx;h++;hm;inl;inc;ipp;xsd</Extensions>
    </Filter>
    <Filter Include="リソース ファイル">
      <UniqueIdentifier>{67DA6AB6-F800-4c08-8B7A-83BB121AAD01}</UniqueIdentifier>
      <Extensions>rc;ico;cur;bmp;dlg;rc2;rct;bin;rgs;gif;jpg;jpeg;jpe;resx;tiff;tif;png;wav;mfcribbon-ms</Extensions>
    </Filter>
    <Filter Include="ソース ファイル\System">
      <UniqueIdentifier>{4e17ff4f-a004-4e4a-9470-879b9af60429}</UniqueIdentifier>
    </Filter>
    <Filter Include="ソース ファイル\App">
      <UniqueIdentifier>{2c3db676-bf36-4efc-a80a-29f79c26d16f}</UniqueIdentifier>
    </Filter>
    <Filter Include="ヘッダー ファイル\App">
      <UniqueIdentifier>{375453a1-ead7-471e-9fe9-85ec8b5e9c71}</UniqueIdentifier>
    </Filter>
    <Filter Include="リソース ファイル\PixelShader">
      <UniqueIdentifier>{a9755fd2-e8f8-4e2e-854e-68fcfb6a9b68}</UniqueIdentifier>
    </Filter>
    <Filter Include="リソース ファイル\VertexShader">
      <UniqueIdentifier>{e4c96e83-672c-4720-aa96-8ee0c9525558}</UniqueIdentifier>
    </Filter>
    <Filter Include="ソース ファイル\DirectX">
      <UniqueIdentifier>{4e65b264-f84d-4758-867f-457aeb6ce2e2}</UniqueIdentifier>
    </Filter>
    <Filter Include="ヘッダー ファイル\DirectX">
      <UniqueIdentifier>{76d7d9cf-96c4-4ff5-a5f6-7dfd24ef09cb}</UniqueIdentifier>
    </Filter>
    <Filter Include="ヘッダー ファイル\System">
      <UniqueIdentifier>{23598e8f-8b92-47d1-ac2c-8d127274e433}</UniqueIdentifier>
    </Filter>
    <Filter Include="ヘッダー ファイル\Info">
      <UniqueIdentifier>{d897d083-6e2e-412e-a1e5-d3759d7e792f}</UniqueIdentifier>
    </Filter>
    <Filter Include="ソース ファイル\3dObject">
      <UniqueIdentifier>{256adb97-1618-49c4-a934-d69469919f94}</UniqueIdentifier>
    </Filter>
    <Filter Include="ヘッダー ファイル\3dObject">
      <UniqueIdentifier>{4ed2bbd8-4161-4a9a-aafd-084cf3508d02}</UniqueIdentifier>
    </Filter>
    <Filter Include="ヘッダー ファイル\Geometry">
      <UniqueIdentifier>{1d13bd25-3fe0-4e11-a191-8a5a00a4b47a}</UniqueIdentifier>
    </Filter>
    <Filter Include="ソース ファイル\Geometry">
      <UniqueIdentifier>{4110178c-d2c6-4d5d-854d-552848beea87}</UniqueIdentifier>
    </Filter>
    <Filter Include="ソース ファイル\Scene">
      <UniqueIdentifier>{3892fbb0-488d-4de1-b651-4b00cf8ea3e5}</UniqueIdentifier>
    </Filter>
    <Filter Include="ヘッダー ファイル\Scene">
      <UniqueIdentifier>{ad1d9d81-304b-41ce-affd-6a0141f600c9}</UniqueIdentifier>
    </Filter>
    <Filter Include="ヘッダー ファイル\3DObject">
      <UniqueIdentifier>{dd4cea9d-ae9d-4976-8b5b-79b3a5c68b64}</UniqueIdentifier>
    </Filter>
    <Filter Include="ソース ファイル\System\Camera">
      <UniqueIdentifier>{e89c5f9b-42c3-44f9-bcd6-662379c7102a}</UniqueIdentifier>
    </Filter>
    <Filter Include="ヘッダー ファイル\System\Camera">
      <UniqueIdentifier>{e51fcb26-a388-49ec-b748-cd8fe67225d8}</UniqueIdentifier>
    </Filter>
    <Filter Include="ヘッダー ファイル\2dObject">
      <UniqueIdentifier>{982c9d7b-0d17-4703-af32-cc77a4f51dd8}</UniqueIdentifier>
    </Filter>
    <Filter Include="ヘッダー ファイル\2dObject\Effect">
      <UniqueIdentifier>{0b69555e-5e2c-4067-ab76-5084adc00263}</UniqueIdentifier>
    </Filter>
    <Filter Include="ヘッダー ファイル\2dObject\Effect\Particle">
      <UniqueIdentifier>{18baf731-5081-4dd1-89e7-6e6a4249d38c}</UniqueIdentifier>
    </Filter>
    <Filter Include="ヘッダー ファイル\2dObject\Effect\Particle\ModelParticle">
      <UniqueIdentifier>{6701af9f-d1d6-4b3c-ad2c-24846fb42fc9}</UniqueIdentifier>
    </Filter>
    <Filter Include="ヘッダー ファイル\2dObject\Effect\Particle\QuadParticle">
      <UniqueIdentifier>{aac39599-ed75-4b87-89a9-2a720d143484}</UniqueIdentifier>
    </Filter>
    <Filter Include="ソース ファイル\2dObject">
      <UniqueIdentifier>{956544a7-603e-42b3-bfab-932cff43106c}</UniqueIdentifier>
    </Filter>
    <Filter Include="ソース ファイル\2dObject\Effect">
      <UniqueIdentifier>{b95ca52c-d424-4e4d-a919-7649217b5a00}</UniqueIdentifier>
    </Filter>
    <Filter Include="ソース ファイル\2dObject\Effect\Particle">
      <UniqueIdentifier>{33698c5e-3fce-4b89-9016-51917eb872e4}</UniqueIdentifier>
    </Filter>
    <Filter Include="ソース ファイル\2dObject\Effect\Particle\ModelParticle">
      <UniqueIdentifier>{238e6673-495f-4451-ac17-72d2157c3e52}</UniqueIdentifier>
    </Filter>
    <Filter Include="ソース ファイル\2dObject\Effect\Particle\QuadParticle">
      <UniqueIdentifier>{6ac34c7d-649c-43ac-8773-34ff50f91da9}</UniqueIdentifier>
    </Filter>
    <Filter Include="ソース ファイル\2dObject\Effect\Particle\StripeParticle">
      <UniqueIdentifier>{293c03dd-1393-402a-b929-8df7c7ad51b3}</UniqueIdentifier>
    </Filter>
    <Filter Include="ヘッダー ファイル\2dObject\Effect\Particle\StripeParticle">
      <UniqueIdentifier>{bfe0c776-3581-417b-8745-139a05bf0db7}</UniqueIdentifier>
    </Filter>
    <Filter Include="ヘッダー ファイル\Info\Transform">
      <UniqueIdentifier>{42a0eb1c-52f2-44b0-9fbb-724472721f80}</UniqueIdentifier>
    </Filter>
    <Filter Include="ヘッダー ファイル\Info\Pos">
      <UniqueIdentifier>{4587c013-f442-41b3-af7d-a35feab11cab}</UniqueIdentifier>
    </Filter>
    <Filter Include="ソース ファイル\Info">
      <UniqueIdentifier>{8a28753d-f510-42e4-9844-46833e398878}</UniqueIdentifier>
    </Filter>
    <Filter Include="ソース ファイル\Scene\Stage">
      <UniqueIdentifier>{6734b53d-3b98-4faa-a3f3-8960ddc3c3f1}</UniqueIdentifier>
    </Filter>
    <Filter Include="ヘッダー ファイル\Scene\Stage">
      <UniqueIdentifier>{2039f944-9e68-40cd-a6b6-c0497db649c4}</UniqueIdentifier>
    </Filter>
  </ItemGroup>
  <ItemGroup>
    <ClCompile Include="Main.cpp">
      <Filter>ソース ファイル\App</Filter>
    </ClCompile>
    <ClCompile Include="Shader.cpp">
      <Filter>ソース ファイル\DirectX</Filter>
    </ClCompile>
    <ClCompile Include="Texture.cpp">
      <Filter>ソース ファイル\DirectX</Filter>
    </ClCompile>
    <ClCompile Include="MeshBuffer.cpp">
      <Filter>ソース ファイル\DirectX</Filter>
    </ClCompile>
    <ClCompile Include="DirectX.cpp">
      <Filter>ソース ファイル\DirectX</Filter>
    </ClCompile>
    <ClCompile Include="Input.cpp">
      <Filter>ソース ファイル\System</Filter>
    </ClCompile>
    <ClCompile Include="Sprite.cpp">
      <Filter>ソース ファイル\System</Filter>
    </ClCompile>
    <ClCompile Include="SceneGame.cpp">
      <Filter>ソース ファイル\App</Filter>
    </ClCompile>
    <ClCompile Include="Startup.cpp">
      <Filter>ソース ファイル\System</Filter>
    </ClCompile>
    <ClCompile Include="_model.cpp">
      <Filter>ソース ファイル\System</Filter>
    </ClCompile>
    <ClCompile Include="Model.cpp">
      <Filter>ソース ファイル\System</Filter>
    </ClCompile>
    <ClCompile Include="Player.cpp">
      <Filter>ソース ファイル\3dObject</Filter>
    </ClCompile>
    <ClCompile Include="Hammer.cpp">
      <Filter>ソース ファイル\3dObject</Filter>
    </ClCompile>
    <ClCompile Include="Box.cpp">
      <Filter>ソース ファイル\Geometry</Filter>
    </ClCompile>
    <ClCompile Include="Line.cpp">
      <Filter>ソース ファイル\Geometry</Filter>
    </ClCompile>
    <ClCompile Include="Cylinder.cpp">
      <Filter>ソース ファイル\Geometry</Filter>
    </ClCompile>
    <ClCompile Include="Sphere.cpp">
      <Filter>ソース ファイル\Geometry</Filter>
    </ClCompile>
    <ClCompile Include="Geometry.cpp">
      <Filter>ソース ファイル\Geometry</Filter>
    </ClCompile>
    <ClCompile Include="Scene.cpp">
      <Filter>ソース ファイル\Scene</Filter>
    </ClCompile>
    <ClCompile Include="SceneManager.cpp">
      <Filter>ソース ファイル\Scene</Filter>
    </ClCompile>
    <ClCompile Include="Title.cpp">
      <Filter>ソース ファイル\Scene</Filter>
    </ClCompile>
    <ClCompile Include="Explosion.cpp">
      <Filter>ソース ファイル\3dObject</Filter>
    </ClCompile>
    <ClCompile Include="Slime_1.cpp">
      <Filter>ソース ファイル\3dObject</Filter>
    </ClCompile>
    <ClCompile Include="SlimeBase.cpp">
      <Filter>ソース ファイル\3dObject</Filter>
    </ClCompile>
    <ClCompile Include="SlimeManager.cpp">
      <Filter>ソース ファイル\3dObject</Filter>
    </ClCompile>
    <ClCompile Include="Camera.cpp">
      <Filter>ソース ファイル\System\Camera</Filter>
    </ClCompile>
    <ClCompile Include="CameraDebug.cpp">
      <Filter>ソース ファイル\System\Camera</Filter>
    </ClCompile>
    <ClCompile Include="CameraChase.cpp">
      <Filter>ソース ファイル\System\Camera</Filter>
    </ClCompile>
    <ClCompile Include="ExplosionManager.cpp">
      <Filter>ソース ファイル\3dObject</Filter>
    </ClCompile>
    <ClCompile Include="Collision.cpp">
      <Filter>ソース ファイル\System</Filter>
    </ClCompile>
    <ClCompile Include="Controller.cpp">
      <Filter>ソース ファイル\System</Filter>
    </ClCompile>
    <ClCompile Include="Effect.cpp">
      <Filter>ソース ファイル\2dObject\Effect</Filter>
    </ClCompile>
    <ClCompile Include="Emitter.cpp">
      <Filter>ソース ファイル\2dObject\Effect\Particle</Filter>
    </ClCompile>
    <ClCompile Include="EmitterManager.cpp">
      <Filter>ソース ファイル\2dObject\Effect\Particle</Filter>
    </ClCompile>
    <ClCompile Include="Particle.cpp">
      <Filter>ソース ファイル\2dObject\Effect\Particle</Filter>
    </ClCompile>
    <ClCompile Include="ModelParticle.cpp">
      <Filter>ソース ファイル\2dObject\Effect\Particle\ModelParticle</Filter>
    </ClCompile>
    <ClCompile Include="QuadParticle.cpp">
      <Filter>ソース ファイル\2dObject\Effect\Particle\QuadParticle</Filter>
    </ClCompile>
    <ClCompile Include="StripeParticle.cpp">
      <Filter>ソース ファイル\2dObject\Effect\Particle\StripeParticle</Filter>
    </ClCompile>
    <ClCompile Include="Transform3d.cpp">
      <Filter>ソース ファイル\Info</Filter>
    </ClCompile>
    <ClCompile Include="Transform2d.cpp">
      <Filter>ソース ファイル\Info</Filter>
    </ClCompile>
    <ClCompile Include="SceneGameCollision.cpp">
      <Filter>ソース ファイル\App</Filter>
    </ClCompile>
    <ClCompile Include="Slime_4.cpp">
      <Filter>ソース ファイル\3dObject</Filter>
    </ClCompile>
    <ClCompile Include="Slime_2.cpp">
      <Filter>ソース ファイル\3dObject</Filter>
    </ClCompile>
    <ClCompile Include="Slime_3.cpp">
      <Filter>ソース ファイル\3dObject</Filter>
    </ClCompile>
    <ClCompile Include="Timer.cpp">
      <Filter>ソース ファイル\2dObject</Filter>
    </ClCompile>
    <ClCompile Include="SphereInfo.cpp">
      <Filter>ソース ファイル\Info</Filter>
    </ClCompile>
    <ClCompile Include="Slime_Flame.cpp">
      <Filter>ソース ファイル\3dObject</Filter>
    </ClCompile>
    <ClCompile Include="Floor.cpp">
      <Filter>ソース ファイル\3dObject</Filter>
    </ClCompile>
    <ClCompile Include="Result.cpp">
      <Filter>ソース ファイル\Scene</Filter>
    </ClCompile>
    <ClCompile Include="Stage.cpp">
      <Filter>ソース ファイル\Scene\Stage</Filter>
    </ClCompile>
    <ClCompile Include="CollisionOfStage.cpp">
      <Filter>ソース ファイル\Scene\Stage</Filter>
    </ClCompile>
    <ClCompile Include="Stage1.cpp">
      <Filter>ソース ファイル\Scene\Stage</Filter>
    </ClCompile>
    <ClCompile Include="Stage2.cpp">
      <Filter>ソース ファイル\Scene\Stage</Filter>
    </ClCompile>
    <ClCompile Include="Stage3.cpp">
      <Filter>ソース ファイル\Scene\Stage</Filter>
    </ClCompile>
    <ClCompile Include="SelectStage.cpp">
      <Filter>ソース ファイル\Scene</Filter>
    </ClCompile>
    <ClCompile Include="DirectWrite.cpp">
      <Filter>ソース ファイル\System</Filter>
    </ClCompile>
    <ClCompile Include="Sound.cpp">
      <Filter>ソース ファイル\System</Filter>
    </ClCompile>
  </ItemGroup>
  <ItemGroup>
    <ClInclude Include="Defines.h">
      <Filter>ヘッダー ファイル</Filter>
    </ClInclude>
    <ClInclude Include="Texture.h">
      <Filter>ヘッダー ファイル\DirectX</Filter>
    </ClInclude>
    <ClInclude Include="Shader.h">
      <Filter>ヘッダー ファイル\DirectX</Filter>
    </ClInclude>
    <ClInclude Include="MeshBuffer.h">
      <Filter>ヘッダー ファイル\DirectX</Filter>
    </ClInclude>
    <ClInclude Include="Main.h">
      <Filter>ヘッダー ファイル\App</Filter>
    </ClInclude>
    <ClInclude Include="DirectX.h">
      <Filter>ヘッダー ファイル\DirectX</Filter>
    </ClInclude>
    <ClInclude Include="Input.h">
      <Filter>ヘッダー ファイル\System</Filter>
    </ClInclude>
    <ClInclude Include="Sprite.h">
      <Filter>ヘッダー ファイル\System</Filter>
    </ClInclude>
    <ClInclude Include="SceneGame.h">
      <Filter>ヘッダー ファイル\App</Filter>
    </ClInclude>
    <ClInclude Include="Model.h">
      <Filter>ヘッダー ファイル\System</Filter>
    </ClInclude>
    <ClInclude Include="TriType.h">
      <Filter>ヘッダー ファイル\Info</Filter>
    </ClInclude>
    <ClInclude Include="Player.h">
      <Filter>ヘッダー ファイル\3dObject</Filter>
    </ClInclude>
    <ClInclude Include="Hammer.h">
      <Filter>ヘッダー ファイル\3dObject</Filter>
    </ClInclude>
    <ClInclude Include="Line.h">
      <Filter>ヘッダー ファイル\Geometry</Filter>
    </ClInclude>
    <ClInclude Include="Box.h">
      <Filter>ヘッダー ファイル\Geometry</Filter>
    </ClInclude>
    <ClInclude Include="Cylinder.h">
      <Filter>ヘッダー ファイル\Geometry</Filter>
    </ClInclude>
    <ClInclude Include="Geometry.h">
      <Filter>ヘッダー ファイル\Geometry</Filter>
    </ClInclude>
    <ClInclude Include="Scene.h">
      <Filter>ヘッダー ファイル\Scene</Filter>
    </ClInclude>
    <ClInclude Include="SceneManager.h">
      <Filter>ヘッダー ファイル\Scene</Filter>
    </ClInclude>
    <ClInclude Include="Title.h">
      <Filter>ヘッダー ファイル\Scene</Filter>
    </ClInclude>
    <ClInclude Include="SphereInfo.h">
      <Filter>ヘッダー ファイル\Info</Filter>
    </ClInclude>
    <ClInclude Include="SlimeBase.h">
      <Filter>ヘッダー ファイル\3DObject</Filter>
    </ClInclude>
    <ClInclude Include="Slime_1.h">
      <Filter>ヘッダー ファイル\3DObject</Filter>
    </ClInclude>
    <ClInclude Include="Explosion.h">
      <Filter>ヘッダー ファイル\3dObject</Filter>
    </ClInclude>
    <ClInclude Include="SlimeManager.h">
      <Filter>ヘッダー ファイル\3dObject</Filter>
    </ClInclude>
    <ClInclude Include="CameraDebug.h">
      <Filter>ヘッダー ファイル\System\Camera</Filter>
    </ClInclude>
    <ClInclude Include="Camera.h">
      <Filter>ヘッダー ファイル\System\Camera</Filter>
    </ClInclude>
    <ClInclude Include="CameraChase.h">
      <Filter>ヘッダー ファイル\System\Camera</Filter>
    </ClInclude>
    <ClInclude Include="Sphere.h">
      <Filter>ヘッダー ファイル\Geometry</Filter>
    </ClInclude>
    <ClInclude Include="ExplosionManager.h">
      <Filter>ヘッダー ファイル\3dObject</Filter>
    </ClInclude>
    <ClInclude Include="Transform3d.h">
      <Filter>ヘッダー ファイル\Info\Transform</Filter>
    </ClInclude>
    <ClInclude Include="Transform2d.h">
      <Filter>ヘッダー ファイル\Info\Transform</Filter>
    </ClInclude>
    <ClInclude Include="Pos2d.h">
      <Filter>ヘッダー ファイル\Info\Pos</Filter>
    </ClInclude>
    <ClInclude Include="Pos3d.h">
      <Filter>ヘッダー ファイル\Info\Pos</Filter>
    </ClInclude>
    <ClInclude Include="Collision.h">
      <Filter>ヘッダー ファイル\System</Filter>
    </ClInclude>
    <ClInclude Include="Controller.h">
      <Filter>ヘッダー ファイル\System</Filter>
    </ClInclude>
    <ClInclude Include="Effect.h">
      <Filter>ヘッダー ファイル\2dObject\Effect</Filter>
    </ClInclude>
    <ClInclude Include="Emitter.h">
      <Filter>ヘッダー ファイル\2dObject\Effect\Particle</Filter>
    </ClInclude>
    <ClInclude Include="EmitterManager.h">
      <Filter>ヘッダー ファイル\2dObject\Effect\Particle</Filter>
    </ClInclude>
    <ClInclude Include="Particle.h">
      <Filter>ヘッダー ファイル\2dObject\Effect\Particle</Filter>
    </ClInclude>
    <ClInclude Include="ModelParticle.h">
      <Filter>ヘッダー ファイル\2dObject\Effect\Particle\ModelParticle</Filter>
    </ClInclude>
    <ClInclude Include="QuadParticle.h">
      <Filter>ヘッダー ファイル\2dObject\Effect\Particle\QuadParticle</Filter>
    </ClInclude>
    <ClInclude Include="StripeParticle.h">
      <Filter>ヘッダー ファイル\2dObject\Effect\Particle\StripeParticle</Filter>
    </ClInclude>
    <ClInclude Include="Slime_4.h">
      <Filter>ヘッダー ファイル\3dObject</Filter>
    </ClInclude>
    <ClInclude Include="Slime_2.h">
      <Filter>ヘッダー ファイル\3dObject</Filter>
    </ClInclude>
    <ClInclude Include="Slime_3.h">
      <Filter>ヘッダー ファイル\3dObject</Filter>
    </ClInclude>
    <ClInclude Include="GameParameter.h">
      <Filter>ヘッダー ファイル\Info</Filter>
    </ClInclude>
    <ClInclude Include="DirectWrite.h">
      <Filter>ヘッダー ファイル\System</Filter>
    </ClInclude>
    <ClInclude Include="Timer.h">
      <Filter>ヘッダー ファイル\2dObject</Filter>
    </ClInclude>
    <ClInclude Include="Slime_Flame.h">
      <Filter>ヘッダー ファイル\3dObject</Filter>
    </ClInclude>
    <ClInclude Include="Floor.h">
      <Filter>ヘッダー ファイル\3dObject</Filter>
    </ClInclude>
    <ClInclude Include="Stage.h">
      <Filter>ヘッダー ファイル\Scene\Stage</Filter>
    </ClInclude>
    <ClInclude Include="Result.h">
      <Filter>ヘッダー ファイル\Scene</Filter>
    </ClInclude>
    <ClInclude Include="Stage1.h">
      <Filter>ヘッダー ファイル\Scene\Stage</Filter>
    </ClInclude>
    <ClInclude Include="Stage2.h">
      <Filter>ヘッダー ファイル\Scene\Stage</Filter>
    </ClInclude>
    <ClInclude Include="Stage3.h">
      <Filter>ヘッダー ファイル\Scene\Stage</Filter>
    </ClInclude>
    <ClInclude Include="SelectStage.h">
      <Filter>ヘッダー ファイル\Scene</Filter>
    </ClInclude>
    <ClInclude Include="Sound.h">
      <Filter>ヘッダー ファイル\System</Filter>
    </ClInclude>
  </ItemGroup>
  <ItemGroup>
    <FxCompile Include="VS_Model.hlsl">
      <Filter>リソース ファイル\VertexShader</Filter>
    </FxCompile>
  </ItemGroup>
</Project>